
Microsoft Visual Studio Solution File, Format Version 10.00
# Visual Studio 2008
Project("{F184B08F-C81C-45F6-A57F-5ABD9991F28F}") = "Queue VRH Display 2", "Queue VRH Display\Queue VRH Display 2.vbproj", "{938DF727-154F-48E6-BFF5-935BE6609C77}"
EndProject
Project("{54435603-DBB4-11D2-8724-00A0C9A8B90C}") = "VRH Display 2 Setup", "VRH Display 2 Setup\VRH Display 2 Setup.vdproj", "{E5B822A7-76FD-4209-B18C-84F077A2C102}"
EndProject
Global
	GlobalSection(SolutionConfigurationPlatforms) = preSolution
		Debug|Any CPU = Debug|Any CPU
		Release|Any CPU = Release|Any CPU
	EndGlobalSection
	GlobalSection(ProjectConfigurationPlatforms) = postSolution
		{938DF727-154F-48E6-BFF5-935BE6609C77}.Debug|Any CPU.ActiveCfg = Debug|Any CPU
		{938DF727-154F-48E6-BFF5-935BE6609C77}.Debug|Any CPU.Build.0 = Debug|Any CPU
		{938DF727-154F-48E6-BFF5-935BE6609C77}.Release|Any CPU.ActiveCfg = Release|Any CPU
		{938DF727-154F-48E6-BFF5-935BE6609C77}.Release|Any CPU.Build.0 = Release|Any CPU
		{E5B822A7-76FD-4209-B18C-84F077A2C102}.Debug|Any CPU.ActiveCfg = Debug
		{E5B822A7-76FD-4209-B18C-84F077A2C102}.Release|Any CPU.ActiveCfg = Release
	EndGlobalSection
	GlobalSection(SolutionProperties) = preSolution
		HideSolutionNode = FALSE
	EndGlobalSection
EndGlobal
